
Microsoft Visual Studio Solution File, Format Version 12.00
# Visual Studio 15
VisualStudioVersion = 15.0.28307.421
MinimumVisualStudioVersion = 10.0.40219.1
Project("{FAE04EC0-301F-11D3-BF4B-00C04F79EFBC}") = "Frani Voxel Map Editor", "Frani Voxel Map Editor\Frani Voxel Map Editor.csproj", "{3627025B-B4F3-4D03-9665-AEE87A46AFFB}"
EndProject
Global
	GlobalSection(SolutionConfigurationPlatforms) = preSolution
		Debug|Any CPU = Debug|Any CPU
		Release|Any CPU = Release|Any CPU
	EndGlobalSection
	GlobalSection(ProjectConfigurationPlatforms) = postSolution
		{3627025B-B4F3-4D03-9665-AEE87A46AFFB}.Debug|Any CPU.ActiveCfg = Debug|Any CPU
		{3627025B-B4F3-4D03-9665-AEE87A46AFFB}.Debug|Any CPU.Build.0 = Debug|Any CPU
		{3627025B-B4F3-4D03-9665-AEE87A46AFFB}.Release|Any CPU.ActiveCfg = Release|Any CPU
		{3627025B-B4F3-4D03-9665-AEE87A46AFFB}.Release|Any CPU.Build.0 = Release|Any CPU
	EndGlobalSection
	GlobalSection(SolutionProperties) = preSolution
		HideSolutionNode = FALSE
	EndGlobalSection
	GlobalSection(ExtensibilityGlobals) = postSolution
		SolutionGuid = {FC26886D-BFFD-4EDC-8779-5CD6657CF2E1}
	EndGlobalSection
EndGlobal
